
Microsoft Visual Studio Solution File, Format Version 12.00
# Visual Studio Version 17
VisualStudioVersion = 17.12.35527.113
MinimumVisualStudioVersion = 10.0.40219.1
Project("{8BC9CEB8-8B4A-11D0-8D11-00A0C91BC942}") = "TT.GUI P", "TT.GUI P.vcxproj", "{5A4B2688-BD41-407D-A953-D74994B5B7F3}"
EndProject
Project("{2150E333-8FDC-42A3-9474-1A3956D46DE8}") = "Solution Items", "Solution Items", "{7AD17D34-0817-40CF-B8B2-462BC633617E}"
	ProjectSection(SolutionItems) = preProject
		TimetableForm.h = TimetableForm.h
	EndProjectSection
EndProject
Global
	GlobalSection(SolutionConfigurationPlatforms) = preSolution
		Debug|x64 = Debug|x64
		Debug|x86 = Debug|x86
		Release|x64 = Release|x64
		Release|x86 = Release|x86
	EndGlobalSection
	GlobalSection(ProjectConfigurationPlatforms) = postSolution
		{5A4B2688-BD41-407D-A953-D74994B5B7F3}.Debug|x64.ActiveCfg = Debug|x64
		{5A4B2688-BD41-407D-A953-D74994B5B7F3}.Debug|x64.Build.0 = Debug|x64
		{5A4B2688-BD41-407D-A953-D74994B5B7F3}.Debug|x86.ActiveCfg = Debug|Win32
		{5A4B2688-BD41-407D-A953-D74994B5B7F3}.Debug|x86.Build.0 = Debug|Win32
		{5A4B2688-BD41-407D-A953-D74994B5B7F3}.Release|x64.ActiveCfg = Release|x64
		{5A4B2688-BD41-407D-A953-D74994B5B7F3}.Release|x64.Build.0 = Release|x64
		{5A4B2688-BD41-407D-A953-D74994B5B7F3}.Release|x86.ActiveCfg = Release|Win32
		{5A4B2688-BD41-407D-A953-D74994B5B7F3}.Release|x86.Build.0 = Release|Win32
	EndGlobalSection
	GlobalSection(SolutionProperties) = preSolution
		HideSolutionNode = FALSE
	EndGlobalSection
EndGlobal
